
Microsoft Visual Studio Solution File, Format Version 12.00
# Visual Studio Version 16
VisualStudioVersion = 16.0.28729.10
MinimumVisualStudioVersion = 10.0.40219.1
Project("{FAE04EC0-301F-11D3-BF4B-00C04F79EFBC}") = "HelloWorld", "HelloWorld\HelloWorld.csproj", "{45F79DE5-0226-4F3D-B37C-CB99800E3D62}"
EndProject
Global
	GlobalSection(SolutionConfigurationPlatforms) = preSolution
		Debug|Any CPU = Debug|Any CPU
		Release|Any CPU = Release|Any CPU
	EndGlobalSection
	GlobalSection(ProjectConfigurationPlatforms) = postSolution
		{45F79DE5-0226-4F3D-B37C-CB99800E3D62}.Debug|Any CPU.ActiveCfg = Debug|Any CPU
		{45F79DE5-0226-4F3D-B37C-CB99800E3D62}.Debug|Any CPU.Build.0 = Debug|Any CPU
		{45F79DE5-0226-4F3D-B37C-CB99800E3D62}.Release|Any CPU.ActiveCfg = Release|Any CPU
		{45F79DE5-0226-4F3D-B37C-CB99800E3D62}.Release|Any CPU.Build.0 = Release|Any CPU
	EndGlobalSection
	GlobalSection(SolutionProperties) = preSolution
		HideSolutionNode = FALSE
	EndGlobalSection
	GlobalSection(ExtensibilityGlobals) = postSolution
		SolutionGuid = {F7D527A2-A042-4E19-AD24-D57212B8292A}
	EndGlobalSection
EndGlobal
