
Microsoft Visual Studio Solution File, Format Version 12.00
# Visual Studio Version 17
VisualStudioVersion = 17.5.33516.290
MinimumVisualStudioVersion = 10.0.40219.1
Project("{FAE04EC0-301F-11D3-BF4B-00C04F79EFBC}") = "HRMSystem", "HRMSyatem\HRMSystem.csproj", "{CBBD73E9-79C1-4C6C-915C-65069E2753B2}"
EndProject
Project("{FAE04EC0-301F-11D3-BF4B-00C04F79EFBC}") = "BCLLibrary", "BCLLibrary\BCLLibrary.csproj", "{952CDEEB-6380-4948-8FB3-38F8EC7BED26}"
EndProject
Global
	GlobalSection(SolutionConfigurationPlatforms) = preSolution
		Debug|Any CPU = Debug|Any CPU
		Release|Any CPU = Release|Any CPU
	EndGlobalSection
	GlobalSection(ProjectConfigurationPlatforms) = postSolution
		{CBBD73E9-79C1-4C6C-915C-65069E2753B2}.Debug|Any CPU.ActiveCfg = Debug|Any CPU
		{CBBD73E9-79C1-4C6C-915C-65069E2753B2}.Debug|Any CPU.Build.0 = Debug|Any CPU
		{CBBD73E9-79C1-4C6C-915C-65069E2753B2}.Release|Any CPU.ActiveCfg = Release|Any CPU
		{CBBD73E9-79C1-4C6C-915C-65069E2753B2}.Release|Any CPU.Build.0 = Release|Any CPU
		{952CDEEB-6380-4948-8FB3-38F8EC7BED26}.Debug|Any CPU.ActiveCfg = Debug|Any CPU
		{952CDEEB-6380-4948-8FB3-38F8EC7BED26}.Debug|Any CPU.Build.0 = Debug|Any CPU
		{952CDEEB-6380-4948-8FB3-38F8EC7BED26}.Release|Any CPU.ActiveCfg = Release|Any CPU
		{952CDEEB-6380-4948-8FB3-38F8EC7BED26}.Release|Any CPU.Build.0 = Release|Any CPU
	EndGlobalSection
	GlobalSection(SolutionProperties) = preSolution
		HideSolutionNode = FALSE
	EndGlobalSection
	GlobalSection(ExtensibilityGlobals) = postSolution
		SolutionGuid = {078D0156-F67F-4BED-88B6-F33E9F76426C}
	EndGlobalSection
EndGlobal
