
Microsoft Visual Studio Solution File, Format Version 12.00
# Visual Studio Version 16
VisualStudioVersion = 16.0.28729.10
MinimumVisualStudioVersion = 10.0.40219.1
Project("{FAE04EC0-301F-11D3-BF4B-00C04F79EFBC}") = "Temprature", "Temprature\Temprature.csproj", "{FE82D198-CE05-4B9D-951A-4285EDD44EE7}"
EndProject
Project("{FAE04EC0-301F-11D3-BF4B-00C04F79EFBC}") = "TempratureLibrary", "TempratureLibrary\TempratureLibrary.csproj", "{6C84F098-5091-42BB-954D-CF8EB6BA50C7}"
EndProject
Global
	GlobalSection(SolutionConfigurationPlatforms) = preSolution
		Debug|Any CPU = Debug|Any CPU
		Release|Any CPU = Release|Any CPU
	EndGlobalSection
	GlobalSection(ProjectConfigurationPlatforms) = postSolution
		{FE82D198-CE05-4B9D-951A-4285EDD44EE7}.Debug|Any CPU.ActiveCfg = Debug|Any CPU
		{FE82D198-CE05-4B9D-951A-4285EDD44EE7}.Debug|Any CPU.Build.0 = Debug|Any CPU
		{FE82D198-CE05-4B9D-951A-4285EDD44EE7}.Release|Any CPU.ActiveCfg = Release|Any CPU
		{FE82D198-CE05-4B9D-951A-4285EDD44EE7}.Release|Any CPU.Build.0 = Release|Any CPU
		{6C84F098-5091-42BB-954D-CF8EB6BA50C7}.Debug|Any CPU.ActiveCfg = Debug|Any CPU
		{6C84F098-5091-42BB-954D-CF8EB6BA50C7}.Debug|Any CPU.Build.0 = Debug|Any CPU
		{6C84F098-5091-42BB-954D-CF8EB6BA50C7}.Release|Any CPU.ActiveCfg = Release|Any CPU
		{6C84F098-5091-42BB-954D-CF8EB6BA50C7}.Release|Any CPU.Build.0 = Release|Any CPU
	EndGlobalSection
	GlobalSection(SolutionProperties) = preSolution
		HideSolutionNode = FALSE
	EndGlobalSection
	GlobalSection(ExtensibilityGlobals) = postSolution
		SolutionGuid = {B6F17B34-B1ED-4527-BDE0-C856C2A8C756}
	EndGlobalSection
EndGlobal
