
Microsoft Visual Studio Solution File, Format Version 12.00
# Visual Studio Version 16
VisualStudioVersion = 16.0.28729.10
MinimumVisualStudioVersion = 10.0.40219.1
Project("{FAE04EC0-301F-11D3-BF4B-00C04F79EFBC}") = "EmployeeService", "EmployeeService\EmployeeService.csproj", "{8EB84335-AB97-4876-9A22-AF243189EB92}"
EndProject
Global
	GlobalSection(SolutionConfigurationPlatforms) = preSolution
		Debug|Any CPU = Debug|Any CPU
		Release|Any CPU = Release|Any CPU
	EndGlobalSection
	GlobalSection(ProjectConfigurationPlatforms) = postSolution
		{8EB84335-AB97-4876-9A22-AF243189EB92}.Debug|Any CPU.ActiveCfg = Debug|Any CPU
		{8EB84335-AB97-4876-9A22-AF243189EB92}.Debug|Any CPU.Build.0 = Debug|Any CPU
		{8EB84335-AB97-4876-9A22-AF243189EB92}.Release|Any CPU.ActiveCfg = Release|Any CPU
		{8EB84335-AB97-4876-9A22-AF243189EB92}.Release|Any CPU.Build.0 = Release|Any CPU
	EndGlobalSection
	GlobalSection(SolutionProperties) = preSolution
		HideSolutionNode = FALSE
	EndGlobalSection
	GlobalSection(ExtensibilityGlobals) = postSolution
		SolutionGuid = {1FED1FFF-1EF6-4D0E-8A3C-A7E0B80D7188}
	EndGlobalSection
EndGlobal
