
Microsoft Visual Studio Solution File, Format Version 12.00
# Visual Studio Version 17
VisualStudioVersion = 17.5.33516.290
MinimumVisualStudioVersion = 10.0.40219.1
Project("{FAE04EC0-301F-11D3-BF4B-00C04F79EFBC}") = "DynamicDataTypeDemo", "DynamicDataTypeDemo\DynamicDataTypeDemo.csproj", "{41770765-8E07-48ED-A031-8CD7C1163347}"
EndProject
Global
	GlobalSection(SolutionConfigurationPlatforms) = preSolution
		Debug|Any CPU = Debug|Any CPU
		Release|Any CPU = Release|Any CPU
	EndGlobalSection
	GlobalSection(ProjectConfigurationPlatforms) = postSolution
		{41770765-8E07-48ED-A031-8CD7C1163347}.Debug|Any CPU.ActiveCfg = Debug|Any CPU
		{41770765-8E07-48ED-A031-8CD7C1163347}.Debug|Any CPU.Build.0 = Debug|Any CPU
		{41770765-8E07-48ED-A031-8CD7C1163347}.Release|Any CPU.ActiveCfg = Release|Any CPU
		{41770765-8E07-48ED-A031-8CD7C1163347}.Release|Any CPU.Build.0 = Release|Any CPU
	EndGlobalSection
	GlobalSection(SolutionProperties) = preSolution
		HideSolutionNode = FALSE
	EndGlobalSection
	GlobalSection(ExtensibilityGlobals) = postSolution
		SolutionGuid = {11E5734E-5996-4173-B111-1E980BD11779}
	EndGlobalSection
EndGlobal
